// !$*UTF8*$!
{
	archiveVersion = 1;
	classes = {
	};
	objectVersion = 46;
	objects = {

/* Begin PBXBuildFile section */
		737F0E321ECDD89600DC5B9A /* AppDelegate.swift in Sources */ = {isa = PBXBuildFile; fileRef = 737F0E311ECDD89600DC5B9A /* AppDelegate.swift */; };
		737F0E341ECDD89600DC5B9A /* FirstViewController.swift in Sources */ = {isa = PBXBuildFile; fileRef = 737F0E331ECDD89600DC5B9A /* FirstViewController.swift */; };
		737F0E361ECDD89600DC5B9A /* diceRoller.swift in Sources */ = {isa = PBXBuildFile; fileRef = 737F0E351ECDD89600DC5B9A /* diceRoller.swift */; };
		737F0E391ECDD89600DC5B9A /* Main.storyboard in Resources */ = {isa = PBXBuildFile; fileRef = 737F0E371ECDD89600DC5B9A /* Main.storyboard */; };
		737F0E3B1ECDD89600DC5B9A /* Assets.xcassets in Resources */ = {isa = PBXBuildFile; fileRef = 737F0E3A1ECDD89600DC5B9A /* Assets.xcassets */; };
		737F0E3E1ECDD89600DC5B9A /* LaunchScreen.storyboard in Resources */ = {isa = PBXBuildFile; fileRef = 737F0E3C1ECDD89600DC5B9A /* LaunchScreen.storyboard */; };
		737F0E491ECDD89600DC5B9A /* Critical_8_Tests.swift in Sources */ = {isa = PBXBuildFile; fileRef = 737F0E481ECDD89600DC5B9A /* Critical_8_Tests.swift */; };
		737F0E541ECDD89600DC5B9A /* Critical_8_UITests.swift in Sources */ = {isa = PBXBuildFile; fileRef = 737F0E531ECDD89600DC5B9A /* Critical_8_UITests.swift */; };
/* End PBXBuildFile section */

/* Begin PBXContainerItemProxy section */
		737F0E451ECDD89600DC5B9A /* PBXContainerItemProxy */ = {
			isa = PBXContainerItemProxy;
			containerPortal = 737F0E261ECDD89600DC5B9A /* Project object */;
			proxyType = 1;
			remoteGlobalIDString = 737F0E2D1ECDD89600DC5B9A;
			remoteInfo = "Critical 8!";
		};
		737F0E501ECDD89600DC5B9A /* PBXContainerItemProxy */ = {
			isa = PBXContainerItemProxy;
			containerPortal = 737F0E261ECDD89600DC5B9A /* Project object */;
			proxyType = 1;
			remoteGlobalIDString = 737F0E2D1ECDD89600DC5B9A;
			remoteInfo = "Critical 8!";
		};
/* End PBXContainerItemProxy section */

/* Begin PBXFileReference section */
		737F0E2E1ECDD89600DC5B9A /* Critical 8!.app */ = {isa = PBXFileReference; explicitFileType = wrapper.application; includeInIndex = 0; path = "Critical 8!.app"; sourceTree = BUILT_PRODUCTS_DIR; };
		737F0E311ECDD89600DC5B9A /* AppDelegate.swift */ = {isa = PBXFileReference; lastKnownFileType = sourcecode.swift; path = AppDelegate.swift; sourceTree = "<group>"; };
		737F0E331ECDD89600DC5B9A /* FirstViewController.swift */ = {isa = PBXFileReference; lastKnownFileType = sourcecode.swift; path = FirstViewController.swift; sourceTree = "<group>"; };
		737F0E351ECDD89600DC5B9A /* diceRoller.swift */ = {isa = PBXFileReference; lastKnownFileType = sourcecode.swift; path = diceRoller.swift; sourceTree = "<group>"; };
		737F0E381ECDD89600DC5B9A /* Base */ = {isa = PBXFileReference; lastKnownFileType = file.storyboard; name = Base; path = Base.lproj/Main.storyboard; sourceTree = "<group>"; };
		737F0E3A1ECDD89600DC5B9A /* Assets.xcassets */ = {isa = PBXFileReference; lastKnownFileType = folder.assetcatalog; path = Assets.xcassets; sourceTree = "<group>"; };
		737F0E3D1ECDD89600DC5B9A /* Base */ = {isa = PBXFileReference; lastKnownFileType = file.storyboard; name = Base; path = Base.lproj/LaunchScreen.storyboard; sourceTree = "<group>"; };
		737F0E3F1ECDD89600DC5B9A /* Info.plist */ = {isa = PBXFileReference; lastKnownFileType = text.plist.xml; path = Info.plist; sourceTree = "<group>"; };
		737F0E441ECDD89600DC5B9A /* Critical 8!Tests.xctest */ = {isa = PBXFileReference; explicitFileType = wrapper.cfbundle; includeInIndex = 0; path = "Critical 8!Tests.xctest"; sourceTree = BUILT_PRODUCTS_DIR; };
		737F0E481ECDD89600DC5B9A /* Critical_8_Tests.swift */ = {isa = PBXFileReference; lastKnownFileType = sourcecode.swift; path = Critical_8_Tests.swift; sourceTree = "<group>"; };
		737F0E4A1ECDD89600DC5B9A /* Info.plist */ = {isa = PBXFileReference; lastKnownFileType = text.plist.xml; path = Info.plist; sourceTree = "<group>"; };
		737F0E4F1ECDD89600DC5B9A /* Critical 8!UITests.xctest */ = {isa = PBXFileReference; explicitFileType = wrapper.cfbundle; includeInIndex = 0; path = "Critical 8!UITests.xctest"; sourceTree = BUILT_PRODUCTS_DIR; };
		737F0E531ECDD89600DC5B9A /* Critical_8_UITests.swift */ = {isa = PBXFileReference; lastKnownFileType = sourcecode.swift; path = Critical_8_UITests.swift; sourceTree = "<group>"; };
		737F0E551ECDD89600DC5B9A /* Info.plist */ = {isa = PBXFileReference; lastKnownFileType = text.plist.xml; path = Info.plist; sourceTree = "<group>"; };
/* End PBXFileReference section */

/* Begin PBXFrameworksBuildPhase section */
		737F0E2B1ECDD89600DC5B9A /* Frameworks */ = {
			isa = PBXFrameworksBuildPhase;
			buildActionMask = 2147483647;
			files = (
			);
			runOnlyForDeploymentPostprocessing = 0;
		};
		737F0E411ECDD89600DC5B9A /* Frameworks */ = {
			isa = PBXFrameworksBuildPhase;
			buildActionMask = 2147483647;
			files = (
			);
			runOnlyForDeploymentPostprocessing = 0;
		};
		737F0E4C1ECDD89600DC5B9A /* Frameworks */ = {
			isa = PBXFrameworksBuildPhase;
			buildActionMask = 2147483647;
			files = (
			);
			runOnlyForDeploymentPostprocessing = 0;
		};
/* End PBXFrameworksBuildPhase section */

/* Begin PBXGroup section */
		737F0E251ECDD89600DC5B9A = {
			isa = PBXGroup;
			children = (
				737F0E301ECDD89600DC5B9A /* Critical 8! */,
				737F0E471ECDD89600DC5B9A /* Critical 8!Tests */,
				737F0E521ECDD89600DC5B9A /* Critical 8!UITests */,
				737F0E2F1ECDD89600DC5B9A /* Products */,
			);
			sourceTree = "<group>";
		};
		737F0E2F1ECDD89600DC5B9A /* Products */ = {
			isa = PBXGroup;
			children = (
				737F0E2E1ECDD89600DC5B9A /* Critical 8!.app */,
				737F0E441ECDD89600DC5B9A /* Critical 8!Tests.xctest */,
				737F0E4F1ECDD89600DC5B9A /* Critical 8!UITests.xctest */,
			);
			name = Products;
			sourceTree = "<group>";
		};
		737F0E301ECDD89600DC5B9A /* Critical 8! */ = {
			isa = PBXGroup;
			children = (
				737F0E311ECDD89600DC5B9A /* AppDelegate.swift */,
				737F0E331ECDD89600DC5B9A /* FirstViewController.swift */,
				737F0E351ECDD89600DC5B9A /* diceRoller.swift */,
				737F0E371ECDD89600DC5B9A /* Main.storyboard */,
				737F0E3A1ECDD89600DC5B9A /* Assets.xcassets */,
				737F0E3C1ECDD89600DC5B9A /* LaunchScreen.storyboard */,
				737F0E3F1ECDD89600DC5B9A /* Info.plist */,
			);
			path = "Critical 8!";
			sourceTree = "<group>";
		};
		737F0E471ECDD89600DC5B9A /* Critical 8!Tests */ = {
			isa = PBXGroup;
			children = (
				737F0E481ECDD89600DC5B9A /* Critical_8_Tests.swift */,
				737F0E4A1ECDD89600DC5B9A /* Info.plist */,
			);
			path = "Critical 8!Tests";
			sourceTree = "<group>";
		};
		737F0E521ECDD89600DC5B9A /* Critical 8!UITests */ = {
			isa = PBXGroup;
			children = (
				737F0E531ECDD89600DC5B9A /* Critical_8_UITests.swift */,
				737F0E551ECDD89600DC5B9A /* Info.plist */,
			);
			path = "Critical 8!UITests";
			sourceTree = "<group>";
		};
/* End PBXGroup section */

/* Begin PBXNativeTarget section */
		737F0E2D1ECDD89600DC5B9A /* Critical 8! */ = {
			isa = PBXNativeTarget;
			buildConfigurationList = 737F0E581ECDD89600DC5B9A /* Build configuration list for PBXNativeTarget "Critical 8!" */;
			buildPhases = (
				737F0E2A1ECDD89600DC5B9A /* Sources */,
				737F0E2B1ECDD89600DC5B9A /* Frameworks */,
				737F0E2C1ECDD89600DC5B9A /* Resources */,
			);
			buildRules = (
			);
			dependencies = (
			);
			name = "Critical 8!";
			productName = "Critical 8!";
			productReference = 737F0E2E1ECDD89600DC5B9A /* Critical 8!.app */;
			productType = "com.apple.product-type.application";
		};
		737F0E431ECDD89600DC5B9A /* Critical 8!Tests */ = {
			isa = PBXNativeTarget;
			buildConfigurationList = 737F0E5B1ECDD89600DC5B9A /* Build configuration list for PBXNativeTarget "Critical 8!Tests" */;
			buildPhases = (
				737F0E401ECDD89600DC5B9A /* Sources */,
				737F0E411ECDD89600DC5B9A /* Frameworks */,
				737F0E421ECDD89600DC5B9A /* Resources */,
			);
			buildRules = (
			);
			dependencies = (
				737F0E461ECDD89600DC5B9A /* PBXTargetDependency */,
			);
			name = "Critical 8!Tests";
			productName = "Critical 8!Tests";
			productReference = 737F0E441ECDD89600DC5B9A /* Critical 8!Tests.xctest */;
			productType = "com.apple.product-type.bundle.unit-test";
		};
		737F0E4E1ECDD89600DC5B9A /* Critical 8!UITests */ = {
			isa = PBXNativeTarget;
			buildConfigurationList = 737F0E5E1ECDD89600DC5B9A /* Build configuration list for PBXNativeTarget "Critical 8!UITests" */;
			buildPhases = (
				737F0E4B1ECDD89600DC5B9A /* Sources */,
				737F0E4C1ECDD89600DC5B9A /* Frameworks */,
				737F0E4D1ECDD89600DC5B9A /* Resources */,
			);
			buildRules = (
			);
			dependencies = (
				737F0E511ECDD89600DC5B9A /* PBXTargetDependency */,
			);
			name = "Critical 8!UITests";
			productName = "Critical 8!UITests";
			productReference = 737F0E4F1ECDD89600DC5B9A /* Critical 8!UITests.xctest */;
			productType = "com.apple.product-type.bundle.ui-testing";
		};
/* End PBXNativeTarget section */

/* Begin PBXProject section */
		737F0E261ECDD89600DC5B9A /* Project object */ = {
			isa = PBXProject;
			attributes = {
				LastSwiftUpdateCheck = 0820;
				LastUpgradeCheck = 0820;
				ORGANIZATIONNAME = "Critical 8!";
				TargetAttributes = {
					737F0E2D1ECDD89600DC5B9A = {
						CreatedOnToolsVersion = 8.2.1;
						DevelopmentTeam = 22EUL9F4BD;
						ProvisioningStyle = Automatic;
					};
					737F0E431ECDD89600DC5B9A = {
						CreatedOnToolsVersion = 8.2.1;
						DevelopmentTeam = 22EUL9F4BD;
						ProvisioningStyle = Automatic;
						TestTargetID = 737F0E2D1ECDD89600DC5B9A;
					};
					737F0E4E1ECDD89600DC5B9A = {
						CreatedOnToolsVersion = 8.2.1;
						DevelopmentTeam = 22EUL9F4BD;
						ProvisioningStyle = Automatic;
						TestTargetID = 737F0E2D1ECDD89600DC5B9A;
					};
				};
			};
			buildConfigurationList = 737F0E291ECDD89600DC5B9A /* Build configuration list for PBXProject "Critical 8!" */;
			compatibilityVersion = "Xcode 3.2";
			developmentRegion = English;
			hasScannedForEncodings = 0;
			knownRegions = (
				en,
				Base,
			);
			mainGroup = 737F0E251ECDD89600DC5B9A;
			productRefGroup = 737F0E2F1ECDD89600DC5B9A /* Products */;
			projectDirPath = "";
			projectRoot = "";
			targets = (
				737F0E2D1ECDD89600DC5B9A /* Critical 8! */,
				737F0E431ECDD89600DC5B9A /* Critical 8!Tests */,
				737F0E4E1ECDD89600DC5B9A /* Critical 8!UITests */,
			);
		};
/* End PBXProject section */

/* Begin PBXResourcesBuildPhase section */
		737F0E2C1ECDD89600DC5B9A /* Resources */ = {
			isa = PBXResourcesBuildPhase;
			buildActionMask = 2147483647;
			files = (
				737F0E3E1ECDD89600DC5B9A /* LaunchScreen.storyboard in Resources */,
				737F0E3B1ECDD89600DC5B9A /* Assets.xcassets in Resources */,
				737F0E391ECDD89600DC5B9A /* Main.storyboard in Resources */,
			);
			runOnlyForDeploymentPostprocessing = 0;
		};
		737F0E421ECDD89600DC5B9A /* Resources */ = {
			isa = PBXResourcesBuildPhase;
			buildActionMask = 2147483647;
			files = (
			);
			runOnlyForDeploymentPostprocessing = 0;
		};
		737F0E4D1ECDD89600DC5B9A /* Resources */ = {
			isa = PBXResourcesBuildPhase;
			buildActionMask = 2147483647;
			files = (
			);
			runOnlyForDeploymentPostprocessing = 0;
		};
/* End PBXResourcesBuildPhase section */

/* Begin PBXSourcesBuildPhase section */
		737F0E2A1ECDD89600DC5B9A /* Sources */ = {
			isa = PBXSourcesBuildPhase;
			buildActionMask = 2147483647;
			files = (
				737F0E361ECDD89600DC5B9A /* diceRoller.swift in Sources */,
				737F0E321ECDD89600DC5B9A /* AppDelegate.swift in Sources */,
				737F0E341ECDD89600DC5B9A /* FirstViewController.swift in Sources */,
			);
			runOnlyForDeploymentPostprocessing = 0;
		};
		737F0E401ECDD89600DC5B9A /* Sources */ = {
			isa = PBXSourcesBuildPhase;
			buildActionMask = 2147483647;
			files = (
				737F0E491ECDD89600DC5B9A /* Critical_8_Tests.swift in Sources */,
			);
			runOnlyForDeploymentPostprocessing = 0;
		};
		737F0E4B1ECDD89600DC5B9A /* Sources */ = {
			isa = PBXSourcesBuildPhase;
			buildActionMask = 2147483647;
			files = (
				737F0E541ECDD89600DC5B9A /* Critical_8_UITests.swift in Sources */,
			);
			runOnlyForDeploymentPostprocessing = 0;
		};
/* End PBXSourcesBuildPhase section */

/* Begin PBXTargetDependency section */
		737F0E461ECDD89600DC5B9A /* PBXTargetDependency */ = {
			isa = PBXTargetDependency;
			target = 737F0E2D1ECDD89600DC5B9A /* Critical 8! */;
			targetProxy = 737F0E451ECDD89600DC5B9A /* PBXContainerItemProxy */;
		};
		737F0E511ECDD89600DC5B9A /* PBXTargetDependency */ = {
			isa = PBXTargetDependency;
			target = 737F0E2D1ECDD89600DC5B9A /* Critical 8! */;
			targetProxy = 737F0E501ECDD89600DC5B9A /* PBXContainerItemProxy */;
		};
/* End PBXTargetDependency section */

/* Begin PBXVariantGroup section */
		737F0E371ECDD89600DC5B9A /* Main.storyboard */ = {
			isa = PBXVariantGroup;
			children = (
				737F0E381ECDD89600DC5B9A /* Base */,
			);
			name = Main.storyboard;
			sourceTree = "<group>";
		};
		737F0E3C1ECDD89600DC5B9A /* LaunchScreen.storyboard */ = {
			isa = PBXVariantGroup;
			children = (
				737F0E3D1ECDD89600DC5B9A /* Base */,
			);
			name = LaunchScreen.storyboard;
			sourceTree = "<group>";
		};
/* End PBXVariantGroup section */

/* Begin XCBuildConfiguration section */
		737F0E561ECDD89600DC5B9A /* Debug */ = {
			isa = XCBuildConfiguration;
			buildSettings = {
				ALWAYS_SEARCH_USER_PATHS = NO;
				CLANG_ANALYZER_NONNULL = YES;
				CLANG_CXX_LANGUAGE_STANDARD = "gnu++0x";
				CLANG_CXX_LIBRARY = "libc++";
				CLANG_ENABLE_MODULES = YES;
				CLANG_ENABLE_OBJC_ARC = YES;
				CLANG_WARN_BOOL_CONVERSION = YES;
				CLANG_WARN_CONSTANT_CONVERSION = YES;
				CLANG_WARN_DIRECT_OBJC_ISA_USAGE = YES_ERROR;
				CLANG_WARN_DOCUMENTATION_COMMENTS = YES;
				CLANG_WARN_EMPTY_BODY = YES;
				CLANG_WARN_ENUM_CONVERSION = YES;
				CLANG_WARN_INFINITE_RECURSION = YES;
				CLANG_WARN_INT_CONVERSION = YES;
				CLANG_WARN_OBJC_ROOT_CLASS = YES_ERROR;
				CLANG_WARN_SUSPICIOUS_MOVE = YES;
				CLANG_WARN_UNREACHABLE_CODE = YES;
				CLANG_WARN__DUPLICATE_METHOD_MATCH = YES;
				"CODE_SIGN_IDENTITY[sdk=iphoneos*]" = "iPhone Developer";
				COPY_PHASE_STRIP = NO;
				DEBUG_INFORMATION_FORMAT = dwarf;
				ENABLE_STRICT_OBJC_MSGSEND = YES;
				ENABLE_TESTABILITY = YES;
				GCC_C_LANGUAGE_STANDARD = gnu99;
				GCC_DYNAMIC_NO_PIC = NO;
				GCC_NO_COMMON_BLOCKS = YES;
				GCC_OPTIMIZATION_LEVEL = 0;
				GCC_PREPROCESSOR_DEFINITIONS = (
					"DEBUG=1",
					"$(inherited)",
				);
				GCC_WARN_64_TO_32_BIT_CONVERSION = YES;
				GCC_WARN_ABOUT_RETURN_TYPE = YES_ERROR;
				GCC_WARN_UNDECLARED_SELECTOR = YES;
				GCC_WARN_UNINITIALIZED_AUTOS = YES_AGGRESSIVE;
				GCC_WARN_UNUSED_FUNCTION = YES;
				GCC_WARN_UNUSED_VARIABLE = YES;
				IPHONEOS_DEPLOYMENT_TARGET = 10.2;
				MTL_ENABLE_DEBUG_INFO = YES;
				ONLY_ACTIVE_ARCH = YES;
				SDKROOT = iphoneos;
				SWIFT_ACTIVE_COMPILATION_CONDITIONS = DEBUG;
				SWIFT_OPTIMIZATION_LEVEL = "-Onone";
			};
			name = Debug;
		};
		737F0E571ECDD89600DC5B9A /* Release */ = {
			isa = XCBuildConfiguration;
			buildSettings = {
				ALWAYS_SEARCH_USER_PATHS = NO;
				CLANG_ANALYZER_NONNULL = YES;
				CLANG_CXX_LANGUAGE_STANDARD = "gnu++0x";
				CLANG_CXX_LIBRARY = "libc++";
				CLANG_ENABLE_MODULES = YES;
				CLANG_ENABLE_OBJC_ARC = YES;
				CLANG_WARN_BOOL_CONVERSION = YES;
				CLANG_WARN_CONSTANT_CONVERSION = YES;
				CLANG_WARN_DIRECT_OBJC_ISA_USAGE = YES_ERROR;
				CLANG_WARN_DOCUMENTATION_COMMENTS = YES;
				CLANG_WARN_EMPTY_BODY = YES;
				CLANG_WARN_ENUM_CONVERSION = YES;
				CLANG_WARN_INFINITE_RECURSION = YES;
				CLANG_WARN_INT_CONVERSION = YES;
				CLANG_WARN_OBJC_ROOT_CLASS = YES_ERROR;
				CLANG_WARN_SUSPICIOUS_MOVE = YES;
				CLANG_WARN_UNREACHABLE_CODE = YES;
				CLANG_WARN__DUPLICATE_METHOD_MATCH = YES;
				"CODE_SIGN_IDENTITY[sdk=iphoneos*]" = "iPhone Developer";
				COPY_PHASE_STRIP = NO;
				DEBUG_INFORMATION_FORMAT = "dwarf-with-dsym";
				ENABLE_NS_ASSERTIONS = NO;
				ENABLE_STRICT_OBJC_MSGSEND = YES;
				GCC_C_LANGUAGE_STANDARD = gnu99;
				GCC_NO_COMMON_BLOCKS = YES;
				GCC_WARN_64_TO_32_BIT_CONVERSION = YES;
				GCC_WARN_ABOUT_RETURN_TYPE = YES_ERROR;
				GCC_WARN_UNDECLARED_SELECTOR = YES;
				GCC_WARN_UNINITIALIZED_AUTOS = YES_AGGRESSIVE;
				GCC_WARN_UNUSED_FUNCTION = YES;
				GCC_WARN_UNUSED_VARIABLE = YES;
				IPHONEOS_DEPLOYMENT_TARGET = 10.2;
				MTL_ENABLE_DEBUG_INFO = NO;
				SDKROOT = iphoneos;
				SWIFT_OPTIMIZATION_LEVEL = "-Owholemodule";
				VALIDATE_PRODUCT = YES;
			};
			name = Release;
		};
		737F0E591ECDD89600DC5B9A /* Debug */ = {
			isa = XCBuildConfiguration;
			buildSettings = {
				ASSETCATALOG_COMPILER_APPICON_NAME = AppIcon;
				DEVELOPMENT_TEAM = 22EUL9F4BD;
				INFOPLIST_FILE = "Critical 8!/Info.plist";
				LD_RUNPATH_SEARCH_PATHS = "$(inherited) @executable_path/Frameworks";
				PRODUCT_BUNDLE_IDENTIFIER = "com.critical8.Critical-8-";
				PRODUCT_NAME = "$(TARGET_NAME)";
				SWIFT_VERSION = 3.0;
			};
			name = Debug;
		};
		737F0E5A1ECDD89600DC5B9A /* Release */ = {
			isa = XCBuildConfiguration;
			buildSettings = {
				ASSETCATALOG_COMPILER_APPICON_NAME = AppIcon;
				DEVELOPMENT_TEAM = 22EUL9F4BD;
				INFOPLIST_FILE = "Critical 8!/Info.plist";
				LD_RUNPATH_SEARCH_PATHS = "$(inherited) @executable_path/Frameworks";
				PRODUCT_BUNDLE_IDENTIFIER = "com.critical8.Critical-8-";
				PRODUCT_NAME = "$(TARGET_NAME)";
				SWIFT_VERSION = 3.0;
			};
			name = Release;
		};
		737F0E5C1ECDD89600DC5B9A /* Debug */ = {
			isa = XCBuildConfiguration;
			buildSettings = {
				ALWAYS_EMBED_SWIFT_STANDARD_LIBRARIES = YES;
				BUNDLE_LOADER = "$(TEST_HOST)";
				DEVELOPMENT_TEAM = 22EUL9F4BD;
				INFOPLIST_FILE = "Critical 8!Tests/Info.plist";
				LD_RUNPATH_SEARCH_PATHS = "$(inherited) @executable_path/Frameworks @loader_path/Frameworks";
				PRODUCT_BUNDLE_IDENTIFIER = "com.critical8.Critical-8-Tests";
				PRODUCT_NAME = "$(TARGET_NAME)";
				SWIFT_VERSION = 3.0;
				TEST_HOST = "$(BUILT_PRODUCTS_DIR)/Critical 8!.app/Critical 8!";
			};
			name = Debug;
		};
		737F0E5D1ECDD89600DC5B9A /* Release */ = {
			isa = XCBuildConfiguration;
			buildSettings = {
				ALWAYS_EMBED_SWIFT_STANDARD_LIBRARIES = YES;
				BUNDLE_LOADER = "$(TEST_HOST)";
				DEVELOPMENT_TEAM = 22EUL9F4BD;
				INFOPLIST_FILE = "Critical 8!Tests/Info.plist";
				LD_RUNPATH_SEARCH_PATHS = "$(inherited) @executable_path/Frameworks @loader_path/Frameworks";
				PRODUCT_BUNDLE_IDENTIFIER = "com.critical8.Critical-8-Tests";
				PRODUCT_NAME = "$(TARGET_NAME)";
				SWIFT_VERSION = 3.0;
				TEST_HOST = "$(BUILT_PRODUCTS_DIR)/Critical 8!.app/Critical 8!";
			};
			name = Release;
		};
		737F0E5F1ECDD89600DC5B9A /* Debug */ = {
			isa = XCBuildConfiguration;
			buildSettings = {
				ALWAYS_EMBED_SWIFT_STANDARD_LIBRARIES = YES;
				DEVELOPMENT_TEAM = 22EUL9F4BD;
				INFOPLIST_FILE = "Critical 8!UITests/Info.plist";
				LD_RUNPATH_SEARCH_PATHS = "$(inherited) @executable_path/Frameworks @loader_path/Frameworks";
				PRODUCT_BUNDLE_IDENTIFIER = "com.critical8.Critical-8-UITests";
				PRODUCT_NAME = "$(TARGET_NAME)";
				SWIFT_VERSION = 3.0;
				TEST_TARGET_NAME = "Critical 8!";
			};
			name = Debug;
		};
		737F0E601ECDD89600DC5B9A /* Release */ = {
			isa = XCBuildConfiguration;
			buildSettings = {
				ALWAYS_EMBED_SWIFT_STANDARD_LIBRARIES = YES;
				DEVELOPMENT_TEAM = 22EUL9F4BD;
				INFOPLIST_FILE = "Critical 8!UITests/Info.plist";
				LD_RUNPATH_SEARCH_PATHS = "$(inherited) @executable_path/Frameworks @loader_path/Frameworks";
				PRODUCT_BUNDLE_IDENTIFIER = "com.critical8.Critical-8-UITests";
				PRODUCT_NAME = "$(TARGET_NAME)";
				SWIFT_VERSION = 3.0;
				TEST_TARGET_NAME = "Critical 8!";
			};
			name = Release;
		};
/* End XCBuildConfiguration section */

/* Begin XCConfigurationList section */
		737F0E291ECDD89600DC5B9A /* Build configuration list for PBXProject "Critical 8!" */ = {
			isa = XCConfigurationList;
			buildConfigurations = (
				737F0E561ECDD89600DC5B9A /* Debug */,
				737F0E571ECDD89600DC5B9A /* Release */,
			);
			defaultConfigurationIsVisible = 0;
			defaultConfigurationName = Release;
		};
		737F0E581ECDD89600DC5B9A /* Build configuration list for PBXNativeTarget "Critical 8!" */ = {
			isa = XCConfigurationList;
			buildConfigurations = (
				737F0E591ECDD89600DC5B9A /* Debug */,
				737F0E5A1ECDD89600DC5B9A /* Release */,
			);
			defaultConfigurationIsVisible = 0;
		};
		737F0E5B1ECDD89600DC5B9A /* Build configuration list for PBXNativeTarget "Critical 8!Tests" */ = {
			isa = XCConfigurationList;
			buildConfigurations = (
				737F0E5C1ECDD89600DC5B9A /* Debug */,
				737F0E5D1ECDD89600DC5B9A /* Release */,
			);
			defaultConfigurationIsVisible = 0;
		};
		737F0E5E1ECDD89600DC5B9A /* Build configuration list for PBXNativeTarget "Critical 8!UITests" */ = {
			isa = XCConfigurationList;
			buildConfigurations = (
				737F0E5F1ECDD89600DC5B9A /* Debug */,
				737F0E601ECDD89600DC5B9A /* Release */,
			);
			defaultConfigurationIsVisible = 0;
		};
/* End XCConfigurationList section */
	};
	rootObject = 737F0E261ECDD89600DC5B9A /* Project object */;
}
