
Microsoft Visual Studio Solution File, Format Version 11.00
# Visual Studio 2010
Project("{FAE04EC0-301F-11D3-BF4B-00C04F79EFBC}") = "FishOutOfWater", "Assembly-CSharp-firstpass.csproj", "{A8640846-9171-AF34-69CF-3F7A092031B0}"
EndProject
Project("{FAE04EC0-301F-11D3-BF4B-00C04F79EFBC}") = "FishOutOfWater", "Assembly-CSharp.csproj", "{56684BCA-766B-3ECE-FE6B-72EB71C967D3}"
EndProject
Project("{FAE04EC0-301F-11D3-BF4B-00C04F79EFBC}") = "FishOutOfWater", "Assembly-CSharp-Editor-firstpass.csproj", "{A1D92379-4AD6-A943-1988-AFB59782C55A}"
EndProject
Global
	GlobalSection(SolutionConfigurationPlatforms) = preSolution
		Debug|Any CPU = Debug|Any CPU
		Release|Any CPU = Release|Any CPU
	EndGlobalSection
	GlobalSection(ProjectConfigurationPlatforms) = postSolution
		{A8640846-9171-AF34-69CF-3F7A092031B0}.Debug|Any CPU.ActiveCfg = Debug|Any CPU
		{A8640846-9171-AF34-69CF-3F7A092031B0}.Debug|Any CPU.Build.0 = Debug|Any CPU
		{A8640846-9171-AF34-69CF-3F7A092031B0}.Release|Any CPU.ActiveCfg = Release|Any CPU
		{A8640846-9171-AF34-69CF-3F7A092031B0}.Release|Any CPU.Build.0 = Release|Any CPU
		{56684BCA-766B-3ECE-FE6B-72EB71C967D3}.Debug|Any CPU.ActiveCfg = Debug|Any CPU
		{56684BCA-766B-3ECE-FE6B-72EB71C967D3}.Debug|Any CPU.Build.0 = Debug|Any CPU
		{56684BCA-766B-3ECE-FE6B-72EB71C967D3}.Release|Any CPU.ActiveCfg = Release|Any CPU
		{56684BCA-766B-3ECE-FE6B-72EB71C967D3}.Release|Any CPU.Build.0 = Release|Any CPU
		{A1D92379-4AD6-A943-1988-AFB59782C55A}.Debug|Any CPU.ActiveCfg = Debug|Any CPU
		{A1D92379-4AD6-A943-1988-AFB59782C55A}.Debug|Any CPU.Build.0 = Debug|Any CPU
		{A1D92379-4AD6-A943-1988-AFB59782C55A}.Release|Any CPU.ActiveCfg = Release|Any CPU
		{A1D92379-4AD6-A943-1988-AFB59782C55A}.Release|Any CPU.Build.0 = Release|Any CPU
	EndGlobalSection
	GlobalSection(SolutionProperties) = preSolution
		HideSolutionNode = FALSE
	EndGlobalSection
	GlobalSection(MonoDevelopProperties) = preSolution
		StartupItem = Assembly-CSharp.csproj
	EndGlobalSection
EndGlobal
